
Microsoft Visual Studio Solution File, Format Version 12.00
# Visual Studio Version 16
VisualStudioVersion = 16.0.30011.22
MinimumVisualStudioVersion = 10.0.40219.1
Project("{9A19103F-16F7-4668-BE54-9A1E7A4F7556}") = "BellBox", "BellBox\BellBox.csproj", "{6AE94EC8-B4A2-4565-8440-9B147BB41DB9}"
EndProject
Project("{FAE04EC0-301F-11D3-BF4B-00C04F79EFBC}") = "WindowsBellBox", "WindowsBellBox\WindowsBellBox.csproj", "{8FCA6BE4-C6F7-401D-A8CF-302331044FAB}"
EndProject
Global
	GlobalSection(SolutionConfigurationPlatforms) = preSolution
		Debug|Any CPU = Debug|Any CPU
		Release|Any CPU = Release|Any CPU
	EndGlobalSection
	GlobalSection(ProjectConfigurationPlatforms) = postSolution
		{6AE94EC8-B4A2-4565-8440-9B147BB41DB9}.Debug|Any CPU.ActiveCfg = Debug|Any CPU
		{6AE94EC8-B4A2-4565-8440-9B147BB41DB9}.Debug|Any CPU.Build.0 = Debug|Any CPU
		{6AE94EC8-B4A2-4565-8440-9B147BB41DB9}.Release|Any CPU.ActiveCfg = Release|Any CPU
		{6AE94EC8-B4A2-4565-8440-9B147BB41DB9}.Release|Any CPU.Build.0 = Release|Any CPU
		{8FCA6BE4-C6F7-401D-A8CF-302331044FAB}.Debug|Any CPU.ActiveCfg = Debug|Any CPU
		{8FCA6BE4-C6F7-401D-A8CF-302331044FAB}.Debug|Any CPU.Build.0 = Debug|Any CPU
		{8FCA6BE4-C6F7-401D-A8CF-302331044FAB}.Release|Any CPU.ActiveCfg = Release|Any CPU
		{8FCA6BE4-C6F7-401D-A8CF-302331044FAB}.Release|Any CPU.Build.0 = Release|Any CPU
	EndGlobalSection
	GlobalSection(SolutionProperties) = preSolution
		HideSolutionNode = FALSE
	EndGlobalSection
	GlobalSection(ExtensibilityGlobals) = postSolution
		SolutionGuid = {4D6963D6-CB1C-444A-AEB5-CBCF99922E35}
	EndGlobalSection
EndGlobal
